// !$*UTF8*$!
{
	archiveVersion = 1;
	classes = {
	};
	objectVersion = 56;
	objects = {

/* Begin PBXBuildFile section */
		17A6F3A22A082ED000B188E1 /* OTUS2App.swift in Sources */ = {isa = PBXBuildFile; fileRef = 17A6F3A12A082ED000B188E1 /* OTUS2App.swift */; };
		17A6F3A42A082ED000B188E1 /* GamesListView.swift in Sources */ = {isa = PBXBuildFile; fileRef = 17A6F3A32A082ED000B188E1 /* GamesListView.swift */; };
		17A6F3A62A082ED400B188E1 /* Assets.xcassets in Resources */ = {isa = PBXBuildFile; fileRef = 17A6F3A52A082ED400B188E1 /* Assets.xcassets */; };
		17A6F3A92A082ED400B188E1 /* Preview Assets.xcassets in Resources */ = {isa = PBXBuildFile; fileRef = 17A6F3A82A082ED400B188E1 /* Preview Assets.xcassets */; };
		17A6F3B32A082ED500B188E1 /* OTUS2Tests.swift in Sources */ = {isa = PBXBuildFile; fileRef = 17A6F3B22A082ED500B188E1 /* OTUS2Tests.swift */; };
		17A6F3BD2A082ED500B188E1 /* OTUS2UITests.swift in Sources */ = {isa = PBXBuildFile; fileRef = 17A6F3BC2A082ED500B188E1 /* OTUS2UITests.swift */; };
		17A6F3BF2A082ED500B188E1 /* OTUS2UITestsLaunchTests.swift in Sources */ = {isa = PBXBuildFile; fileRef = 17A6F3BE2A082ED500B188E1 /* OTUS2UITestsLaunchTests.swift */; };
		17A6F3DB2A08408100B188E1 /* MKNavigationStack in Frameworks */ = {isa = PBXBuildFile; productRef = 17A6F3DA2A08408100B188E1 /* MKNavigationStack */; };
		17A6F3E12A08519800B188E1 /* NetworkLayer in Frameworks */ = {isa = PBXBuildFile; productRef = 17A6F3E02A08519800B188E1 /* NetworkLayer */; };
		17A6F3E42A0860CC00B188E1 /* GamesViewModel.swift in Sources */ = {isa = PBXBuildFile; fileRef = 17A6F3E32A0860CC00B188E1 /* GamesViewModel.swift */; };
		17A6F3E62A0C270300B188E1 /* GameInfoView.swift in Sources */ = {isa = PBXBuildFile; fileRef = 17A6F3E52A0C270300B188E1 /* GameInfoView.swift */; };
		17A6F3E92A0C2E8900B188E1 /* RootAppView.swift in Sources */ = {isa = PBXBuildFile; fileRef = 17A6F3E82A0C2E8900B188E1 /* RootAppView.swift */; };
		17A6F3EB2A0C334000B188E1 /* AchievementsView.swift in Sources */ = {isa = PBXBuildFile; fileRef = 17A6F3EA2A0C334000B188E1 /* AchievementsView.swift */; };
		17A6F3ED2A0C33DE00B188E1 /* AchievementsViewModel.swift in Sources */ = {isa = PBXBuildFile; fileRef = 17A6F3EC2A0C33DE00B188E1 /* AchievementsViewModel.swift */; };
		17A6F3F02A0C498400B188E1 /* RandomAccessCollection+extension.swift in Sources */ = {isa = PBXBuildFile; fileRef = 17A6F3EF2A0C498400B188E1 /* RandomAccessCollection+extension.swift */; };
/* End PBXBuildFile section */

/* Begin PBXContainerItemProxy section */
		17A6F3AF2A082ED500B188E1 /* PBXContainerItemProxy */ = {
			isa = PBXContainerItemProxy;
			containerPortal = 17A6F3962A082ECF00B188E1 /* Project object */;
			proxyType = 1;
			remoteGlobalIDString = 17A6F39D2A082ED000B188E1;
			remoteInfo = OTUS2;
		};
		17A6F3B92A082ED500B188E1 /* PBXContainerItemProxy */ = {
			isa = PBXContainerItemProxy;
			containerPortal = 17A6F3962A082ECF00B188E1 /* Project object */;
			proxyType = 1;
			remoteGlobalIDString = 17A6F39D2A082ED000B188E1;
			remoteInfo = OTUS2;
		};
/* End PBXContainerItemProxy section */

/* Begin PBXFileReference section */
		17A6F39E2A082ED000B188E1 /* OTUS.app */ = {isa = PBXFileReference; explicitFileType = wrapper.application; includeInIndex = 0; path = OTUS.app; sourceTree = BUILT_PRODUCTS_DIR; };
		17A6F3A12A082ED000B188E1 /* OTUS2App.swift */ = {isa = PBXFileReference; lastKnownFileType = sourcecode.swift; path = OTUS2App.swift; sourceTree = "<group>"; };
		17A6F3A32A082ED000B188E1 /* GamesListView.swift */ = {isa = PBXFileReference; lastKnownFileType = sourcecode.swift; path = GamesListView.swift; sourceTree = "<group>"; };
		17A6F3A52A082ED400B188E1 /* Assets.xcassets */ = {isa = PBXFileReference; lastKnownFileType = folder.assetcatalog; path = Assets.xcassets; sourceTree = "<group>"; };
		17A6F3A82A082ED400B188E1 /* Preview Assets.xcassets */ = {isa = PBXFileReference; lastKnownFileType = folder.assetcatalog; path = "Preview Assets.xcassets"; sourceTree = "<group>"; };
		17A6F3AE2A082ED500B188E1 /* OTUSTests.xctest */ = {isa = PBXFileReference; explicitFileType = wrapper.cfbundle; includeInIndex = 0; path = OTUSTests.xctest; sourceTree = BUILT_PRODUCTS_DIR; };
		17A6F3B22A082ED500B188E1 /* OTUS2Tests.swift */ = {isa = PBXFileReference; lastKnownFileType = sourcecode.swift; path = OTUS2Tests.swift; sourceTree = "<group>"; };
		17A6F3B82A082ED500B188E1 /* OTUSUITests.xctest */ = {isa = PBXFileReference; explicitFileType = wrapper.cfbundle; includeInIndex = 0; path = OTUSUITests.xctest; sourceTree = BUILT_PRODUCTS_DIR; };
		17A6F3BC2A082ED500B188E1 /* OTUS2UITests.swift */ = {isa = PBXFileReference; lastKnownFileType = sourcecode.swift; path = OTUS2UITests.swift; sourceTree = "<group>"; };
		17A6F3BE2A082ED500B188E1 /* OTUS2UITestsLaunchTests.swift */ = {isa = PBXFileReference; lastKnownFileType = sourcecode.swift; path = OTUS2UITestsLaunchTests.swift; sourceTree = "<group>"; };
		17A6F3D82A08402100B188E1 /* MKNavigationStack */ = {isa = PBXFileReference; lastKnownFileType = wrapper; name = MKNavigationStack; path = ../MKNavigationStack; sourceTree = "<group>"; };
		17A6F3DF2A084F4300B188E1 /* NetworkLayer */ = {isa = PBXFileReference; lastKnownFileType = wrapper; name = NetworkLayer; path = ../NetworkLayer; sourceTree = "<group>"; };
		17A6F3E32A0860CC00B188E1 /* GamesViewModel.swift */ = {isa = PBXFileReference; lastKnownFileType = sourcecode.swift; path = GamesViewModel.swift; sourceTree = "<group>"; };
		17A6F3E52A0C270300B188E1 /* GameInfoView.swift */ = {isa = PBXFileReference; lastKnownFileType = sourcecode.swift; path = GameInfoView.swift; sourceTree = "<group>"; };
		17A6F3E82A0C2E8900B188E1 /* RootAppView.swift */ = {isa = PBXFileReference; lastKnownFileType = sourcecode.swift; path = RootAppView.swift; sourceTree = "<group>"; };
		17A6F3EA2A0C334000B188E1 /* AchievementsView.swift */ = {isa = PBXFileReference; lastKnownFileType = sourcecode.swift; path = AchievementsView.swift; sourceTree = "<group>"; };
		17A6F3EC2A0C33DE00B188E1 /* AchievementsViewModel.swift */ = {isa = PBXFileReference; lastKnownFileType = sourcecode.swift; path = AchievementsViewModel.swift; sourceTree = "<group>"; };
		17A6F3EF2A0C498400B188E1 /* RandomAccessCollection+extension.swift */ = {isa = PBXFileReference; lastKnownFileType = sourcecode.swift; path = "RandomAccessCollection+extension.swift"; sourceTree = "<group>"; };
/* End PBXFileReference section */

/* Begin PBXFrameworksBuildPhase section */
		17A6F39B2A082ED000B188E1 /* Frameworks */ = {
			isa = PBXFrameworksBuildPhase;
			buildActionMask = 2147483647;
			files = (
				17A6F3DB2A08408100B188E1 /* MKNavigationStack in Frameworks */,
				17A6F3E12A08519800B188E1 /* NetworkLayer in Frameworks */,
			);
			runOnlyForDeploymentPostprocessing = 0;
		};
		17A6F3AB2A082ED500B188E1 /* Frameworks */ = {
			isa = PBXFrameworksBuildPhase;
			buildActionMask = 2147483647;
			files = (
			);
			runOnlyForDeploymentPostprocessing = 0;
		};
		17A6F3B52A082ED500B188E1 /* Frameworks */ = {
			isa = PBXFrameworksBuildPhase;
			buildActionMask = 2147483647;
			files = (
			);
			runOnlyForDeploymentPostprocessing = 0;
		};
/* End PBXFrameworksBuildPhase section */

/* Begin PBXGroup section */
		17A6F3952A082ECF00B188E1 = {
			isa = PBXGroup;
			children = (
				17A6F3DF2A084F4300B188E1 /* NetworkLayer */,
				17A6F3D82A08402100B188E1 /* MKNavigationStack */,
				17A6F3A02A082ED000B188E1 /* OTUS2 */,
				17A6F3B12A082ED500B188E1 /* OTUS2Tests */,
				17A6F3BB2A082ED500B188E1 /* OTUS2UITests */,
				17A6F39F2A082ED000B188E1 /* Products */,
				17A6F3D92A08408100B188E1 /* Frameworks */,
			);
			sourceTree = "<group>";
		};
		17A6F39F2A082ED000B188E1 /* Products */ = {
			isa = PBXGroup;
			children = (
				17A6F39E2A082ED000B188E1 /* OTUS.app */,
				17A6F3AE2A082ED500B188E1 /* OTUSTests.xctest */,
				17A6F3B82A082ED500B188E1 /* OTUSUITests.xctest */,
			);
			name = Products;
			sourceTree = "<group>";
		};
		17A6F3A02A082ED000B188E1 /* OTUS2 */ = {
			isa = PBXGroup;
			children = (
				17A6F3EE2A0C495900B188E1 /* Extension */,
				17A6F3E72A0C270A00B188E1 /* Views */,
				17A6F3E22A08609A00B188E1 /* ViewModels */,
				17A6F3A12A082ED000B188E1 /* OTUS2App.swift */,
				17A6F3A52A082ED400B188E1 /* Assets.xcassets */,
				17A6F3A72A082ED400B188E1 /* Preview Content */,
			);
			path = OTUS2;
			sourceTree = "<group>";
		};
		17A6F3A72A082ED400B188E1 /* Preview Content */ = {
			isa = PBXGroup;
			children = (
				17A6F3A82A082ED400B188E1 /* Preview Assets.xcassets */,
			);
			path = "Preview Content";
			sourceTree = "<group>";
		};
		17A6F3B12A082ED500B188E1 /* OTUS2Tests */ = {
			isa = PBXGroup;
			children = (
				17A6F3B22A082ED500B188E1 /* OTUS2Tests.swift */,
			);
			path = OTUS2Tests;
			sourceTree = "<group>";
		};
		17A6F3BB2A082ED500B188E1 /* OTUS2UITests */ = {
			isa = PBXGroup;
			children = (
				17A6F3BC2A082ED500B188E1 /* OTUS2UITests.swift */,
				17A6F3BE2A082ED500B188E1 /* OTUS2UITestsLaunchTests.swift */,
			);
			path = OTUS2UITests;
			sourceTree = "<group>";
		};
		17A6F3D92A08408100B188E1 /* Frameworks */ = {
			isa = PBXGroup;
			children = (
			);
			name = Frameworks;
			sourceTree = "<group>";
		};
		17A6F3E22A08609A00B188E1 /* ViewModels */ = {
			isa = PBXGroup;
			children = (
				17A6F3E32A0860CC00B188E1 /* GamesViewModel.swift */,
				17A6F3EC2A0C33DE00B188E1 /* AchievementsViewModel.swift */,
			);
			path = ViewModels;
			sourceTree = "<group>";
		};
		17A6F3E72A0C270A00B188E1 /* Views */ = {
			isa = PBXGroup;
			children = (
				17A6F3A32A082ED000B188E1 /* GamesListView.swift */,
				17A6F3E52A0C270300B188E1 /* GameInfoView.swift */,
				17A6F3E82A0C2E8900B188E1 /* RootAppView.swift */,
				17A6F3EA2A0C334000B188E1 /* AchievementsView.swift */,
			);
			path = Views;
			sourceTree = "<group>";
		};
		17A6F3EE2A0C495900B188E1 /* Extension */ = {
			isa = PBXGroup;
			children = (
				17A6F3EF2A0C498400B188E1 /* RandomAccessCollection+extension.swift */,
			);
			path = Extension;
			sourceTree = "<group>";
		};
/* End PBXGroup section */

/* Begin PBXNativeTarget section */
		17A6F39D2A082ED000B188E1 /* OTUS */ = {
			isa = PBXNativeTarget;
			buildConfigurationList = 17A6F3C22A082ED500B188E1 /* Build configuration list for PBXNativeTarget "OTUS" */;
			buildPhases = (
				17A6F39A2A082ED000B188E1 /* Sources */,
				17A6F39B2A082ED000B188E1 /* Frameworks */,
				17A6F39C2A082ED000B188E1 /* Resources */,
			);
			buildRules = (
			);
			dependencies = (
			);
			name = OTUS;
			packageProductDependencies = (
				17A6F3DA2A08408100B188E1 /* MKNavigationStack */,
				17A6F3E02A08519800B188E1 /* NetworkLayer */,
			);
			productName = OTUS2;
			productReference = 17A6F39E2A082ED000B188E1 /* OTUS.app */;
			productType = "com.apple.product-type.application";
		};
		17A6F3AD2A082ED500B188E1 /* OTUSTests */ = {
			isa = PBXNativeTarget;
			buildConfigurationList = 17A6F3C52A082ED500B188E1 /* Build configuration list for PBXNativeTarget "OTUSTests" */;
			buildPhases = (
				17A6F3AA2A082ED500B188E1 /* Sources */,
				17A6F3AB2A082ED500B188E1 /* Frameworks */,
				17A6F3AC2A082ED500B188E1 /* Resources */,
			);
			buildRules = (
			);
			dependencies = (
				17A6F3B02A082ED500B188E1 /* PBXTargetDependency */,
			);
			name = OTUSTests;
			productName = OTUS2Tests;
			productReference = 17A6F3AE2A082ED500B188E1 /* OTUSTests.xctest */;
			productType = "com.apple.product-type.bundle.unit-test";
		};
		17A6F3B72A082ED500B188E1 /* OTUSUITests */ = {
			isa = PBXNativeTarget;
			buildConfigurationList = 17A6F3C82A082ED500B188E1 /* Build configuration list for PBXNativeTarget "OTUSUITests" */;
			buildPhases = (
				17A6F3B42A082ED500B188E1 /* Sources */,
				17A6F3B52A082ED500B188E1 /* Frameworks */,
				17A6F3B62A082ED500B188E1 /* Resources */,
			);
			buildRules = (
			);
			dependencies = (
				17A6F3BA2A082ED500B188E1 /* PBXTargetDependency */,
			);
			name = OTUSUITests;
			productName = OTUS2UITests;
			productReference = 17A6F3B82A082ED500B188E1 /* OTUSUITests.xctest */;
			productType = "com.apple.product-type.bundle.ui-testing";
		};
/* End PBXNativeTarget section */

/* Begin PBXProject section */
		17A6F3962A082ECF00B188E1 /* Project object */ = {
			isa = PBXProject;
			attributes = {
				BuildIndependentTargetsInParallel = 1;
				LastSwiftUpdateCheck = 1410;
				LastUpgradeCheck = 1410;
				TargetAttributes = {
					17A6F39D2A082ED000B188E1 = {
						CreatedOnToolsVersion = 14.1;
					};
					17A6F3AD2A082ED500B188E1 = {
						CreatedOnToolsVersion = 14.1;
						TestTargetID = 17A6F39D2A082ED000B188E1;
					};
					17A6F3B72A082ED500B188E1 = {
						CreatedOnToolsVersion = 14.1;
						TestTargetID = 17A6F39D2A082ED000B188E1;
					};
				};
			};
			buildConfigurationList = 17A6F3992A082ECF00B188E1 /* Build configuration list for PBXProject "OTUS" */;
			compatibilityVersion = "Xcode 14.0";
			developmentRegion = en;
			hasScannedForEncodings = 0;
			knownRegions = (
				en,
				Base,
			);
			mainGroup = 17A6F3952A082ECF00B188E1;
			productRefGroup = 17A6F39F2A082ED000B188E1 /* Products */;
			projectDirPath = "";
			projectRoot = "";
			targets = (
				17A6F39D2A082ED000B188E1 /* OTUS */,
				17A6F3AD2A082ED500B188E1 /* OTUSTests */,
				17A6F3B72A082ED500B188E1 /* OTUSUITests */,
			);
		};
/* End PBXProject section */

/* Begin PBXResourcesBuildPhase section */
		17A6F39C2A082ED000B188E1 /* Resources */ = {
			isa = PBXResourcesBuildPhase;
			buildActionMask = 2147483647;
			files = (
				17A6F3A92A082ED400B188E1 /* Preview Assets.xcassets in Resources */,
				17A6F3A62A082ED400B188E1 /* Assets.xcassets in Resources */,
			);
			runOnlyForDeploymentPostprocessing = 0;
		};
		17A6F3AC2A082ED500B188E1 /* Resources */ = {
			isa = PBXResourcesBuildPhase;
			buildActionMask = 2147483647;
			files = (
			);
			runOnlyForDeploymentPostprocessing = 0;
		};
		17A6F3B62A082ED500B188E1 /* Resources */ = {
			isa = PBXResourcesBuildPhase;
			buildActionMask = 2147483647;
			files = (
			);
			runOnlyForDeploymentPostprocessing = 0;
		};
/* End PBXResourcesBuildPhase section */

/* Begin PBXSourcesBuildPhase section */
		17A6F39A2A082ED000B188E1 /* Sources */ = {
			isa = PBXSourcesBuildPhase;
			buildActionMask = 2147483647;
			files = (
				17A6F3F02A0C498400B188E1 /* RandomAccessCollection+extension.swift in Sources */,
				17A6F3A42A082ED000B188E1 /* GamesListView.swift in Sources */,
				17A6F3EB2A0C334000B188E1 /* AchievementsView.swift in Sources */,
				17A6F3A22A082ED000B188E1 /* OTUS2App.swift in Sources */,
				17A6F3E62A0C270300B188E1 /* GameInfoView.swift in Sources */,
				17A6F3E42A0860CC00B188E1 /* GamesViewModel.swift in Sources */,
				17A6F3E92A0C2E8900B188E1 /* RootAppView.swift in Sources */,
				17A6F3ED2A0C33DE00B188E1 /* AchievementsViewModel.swift in Sources */,
			);
			runOnlyForDeploymentPostprocessing = 0;
		};
		17A6F3AA2A082ED500B188E1 /* Sources */ = {
			isa = PBXSourcesBuildPhase;
			buildActionMask = 2147483647;
			files = (
				17A6F3B32A082ED500B188E1 /* OTUS2Tests.swift in Sources */,
			);
			runOnlyForDeploymentPostprocessing = 0;
		};
		17A6F3B42A082ED500B188E1 /* Sources */ = {
			isa = PBXSourcesBuildPhase;
			buildActionMask = 2147483647;
			files = (
				17A6F3BF2A082ED500B188E1 /* OTUS2UITestsLaunchTests.swift in Sources */,
				17A6F3BD2A082ED500B188E1 /* OTUS2UITests.swift in Sources */,
			);
			runOnlyForDeploymentPostprocessing = 0;
		};
/* End PBXSourcesBuildPhase section */

/* Begin PBXTargetDependency section */
		17A6F3B02A082ED500B188E1 /* PBXTargetDependency */ = {
			isa = PBXTargetDependency;
			target = 17A6F39D2A082ED000B188E1 /* OTUS */;
			targetProxy = 17A6F3AF2A082ED500B188E1 /* PBXContainerItemProxy */;
		};
		17A6F3BA2A082ED500B188E1 /* PBXTargetDependency */ = {
			isa = PBXTargetDependency;
			target = 17A6F39D2A082ED000B188E1 /* OTUS */;
			targetProxy = 17A6F3B92A082ED500B188E1 /* PBXContainerItemProxy */;
		};
/* End PBXTargetDependency section */

/* Begin XCBuildConfiguration section */
		17A6F3C02A082ED500B188E1 /* Debug */ = {
			isa = XCBuildConfiguration;
			buildSettings = {
				ALWAYS_SEARCH_USER_PATHS = NO;
				CLANG_ANALYZER_NONNULL = YES;
				CLANG_ANALYZER_NUMBER_OBJECT_CONVERSION = YES_AGGRESSIVE;
				CLANG_CXX_LANGUAGE_STANDARD = "gnu++20";
				CLANG_ENABLE_MODULES = YES;
				CLANG_ENABLE_OBJC_ARC = YES;
				CLANG_ENABLE_OBJC_WEAK = YES;
				CLANG_WARN_BLOCK_CAPTURE_AUTORELEASING = YES;
				CLANG_WARN_BOOL_CONVERSION = YES;
				CLANG_WARN_COMMA = YES;
				CLANG_WARN_CONSTANT_CONVERSION = YES;
				CLANG_WARN_DEPRECATED_OBJC_IMPLEMENTATIONS = YES;
				CLANG_WARN_DIRECT_OBJC_ISA_USAGE = YES_ERROR;
				CLANG_WARN_DOCUMENTATION_COMMENTS = YES;
				CLANG_WARN_EMPTY_BODY = YES;
				CLANG_WARN_ENUM_CONVERSION = YES;
				CLANG_WARN_INFINITE_RECURSION = YES;
				CLANG_WARN_INT_CONVERSION = YES;
				CLANG_WARN_NON_LITERAL_NULL_CONVERSION = YES;
				CLANG_WARN_OBJC_IMPLICIT_RETAIN_SELF = YES;
				CLANG_WARN_OBJC_LITERAL_CONVERSION = YES;
				CLANG_WARN_OBJC_ROOT_CLASS = YES_ERROR;
				CLANG_WARN_QUOTED_INCLUDE_IN_FRAMEWORK_HEADER = YES;
				CLANG_WARN_RANGE_LOOP_ANALYSIS = YES;
				CLANG_WARN_STRICT_PROTOTYPES = YES;
				CLANG_WARN_SUSPICIOUS_MOVE = YES;
				CLANG_WARN_UNGUARDED_AVAILABILITY = YES_AGGRESSIVE;
				CLANG_WARN_UNREACHABLE_CODE = YES;
				CLANG_WARN__DUPLICATE_METHOD_MATCH = YES;
				COPY_PHASE_STRIP = NO;
				DEBUG_INFORMATION_FORMAT = dwarf;
				ENABLE_STRICT_OBJC_MSGSEND = YES;
				ENABLE_TESTABILITY = YES;
				GCC_C_LANGUAGE_STANDARD = gnu11;
				GCC_DYNAMIC_NO_PIC = NO;
				GCC_NO_COMMON_BLOCKS = YES;
				GCC_OPTIMIZATION_LEVEL = 0;
				GCC_PREPROCESSOR_DEFINITIONS = (
					"DEBUG=1",
					"$(inherited)",
				);
				GCC_WARN_64_TO_32_BIT_CONVERSION = YES;
				GCC_WARN_ABOUT_RETURN_TYPE = YES_ERROR;
				GCC_WARN_UNDECLARED_SELECTOR = YES;
				GCC_WARN_UNINITIALIZED_AUTOS = YES_AGGRESSIVE;
				GCC_WARN_UNUSED_FUNCTION = YES;
				GCC_WARN_UNUSED_VARIABLE = YES;
				IPHONEOS_DEPLOYMENT_TARGET = 16.1;
				MTL_ENABLE_DEBUG_INFO = INCLUDE_SOURCE;
				MTL_FAST_MATH = YES;
				ONLY_ACTIVE_ARCH = YES;
				SDKROOT = iphoneos;
				SWIFT_ACTIVE_COMPILATION_CONDITIONS = DEBUG;
				SWIFT_OPTIMIZATION_LEVEL = "-Onone";
			};
			name = Debug;
		};
		17A6F3C12A082ED500B188E1 /* Release */ = {
			isa = XCBuildConfiguration;
			buildSettings = {
				ALWAYS_SEARCH_USER_PATHS = NO;
				CLANG_ANALYZER_NONNULL = YES;
				CLANG_ANALYZER_NUMBER_OBJECT_CONVERSION = YES_AGGRESSIVE;
				CLANG_CXX_LANGUAGE_STANDARD = "gnu++20";
				CLANG_ENABLE_MODULES = YES;
				CLANG_ENABLE_OBJC_ARC = YES;
				CLANG_ENABLE_OBJC_WEAK = YES;
				CLANG_WARN_BLOCK_CAPTURE_AUTORELEASING = YES;
				CLANG_WARN_BOOL_CONVERSION = YES;
				CLANG_WARN_COMMA = YES;
				CLANG_WARN_CONSTANT_CONVERSION = YES;
				CLANG_WARN_DEPRECATED_OBJC_IMPLEMENTATIONS = YES;
				CLANG_WARN_DIRECT_OBJC_ISA_USAGE = YES_ERROR;
				CLANG_WARN_DOCUMENTATION_COMMENTS = YES;
				CLANG_WARN_EMPTY_BODY = YES;
				CLANG_WARN_ENUM_CONVERSION = YES;
				CLANG_WARN_INFINITE_RECURSION = YES;
				CLANG_WARN_INT_CONVERSION = YES;
				CLANG_WARN_NON_LITERAL_NULL_CONVERSION = YES;
				CLANG_WARN_OBJC_IMPLICIT_RETAIN_SELF = YES;
				CLANG_WARN_OBJC_LITERAL_CONVERSION = YES;
				CLANG_WARN_OBJC_ROOT_CLASS = YES_ERROR;
				CLANG_WARN_QUOTED_INCLUDE_IN_FRAMEWORK_HEADER = YES;
				CLANG_WARN_RANGE_LOOP_ANALYSIS = YES;
				CLANG_WARN_STRICT_PROTOTYPES = YES;
				CLANG_WARN_SUSPICIOUS_MOVE = YES;
				CLANG_WARN_UNGUARDED_AVAILABILITY = YES_AGGRESSIVE;
				CLANG_WARN_UNREACHABLE_CODE = YES;
				CLANG_WARN__DUPLICATE_METHOD_MATCH = YES;
				COPY_PHASE_STRIP = NO;
				DEBUG_INFORMATION_FORMAT = "dwarf-with-dsym";
				ENABLE_NS_ASSERTIONS = NO;
				ENABLE_STRICT_OBJC_MSGSEND = YES;
				GCC_C_LANGUAGE_STANDARD = gnu11;
				GCC_NO_COMMON_BLOCKS = YES;
				GCC_WARN_64_TO_32_BIT_CONVERSION = YES;
				GCC_WARN_ABOUT_RETURN_TYPE = YES_ERROR;
				GCC_WARN_UNDECLARED_SELECTOR = YES;
				GCC_WARN_UNINITIALIZED_AUTOS = YES_AGGRESSIVE;
				GCC_WARN_UNUSED_FUNCTION = YES;
				GCC_WARN_UNUSED_VARIABLE = YES;
				IPHONEOS_DEPLOYMENT_TARGET = 16.1;
				MTL_ENABLE_DEBUG_INFO = NO;
				MTL_FAST_MATH = YES;
				SDKROOT = iphoneos;
				SWIFT_COMPILATION_MODE = wholemodule;
				SWIFT_OPTIMIZATION_LEVEL = "-O";
				VALIDATE_PRODUCT = YES;
			};
			name = Release;
		};
		17A6F3C32A082ED500B188E1 /* Debug */ = {
			isa = XCBuildConfiguration;
			buildSettings = {
				ASSETCATALOG_COMPILER_APPICON_NAME = AppIcon;
				ASSETCATALOG_COMPILER_GLOBAL_ACCENT_COLOR_NAME = AccentColor;
				CODE_SIGN_STYLE = Automatic;
				CURRENT_PROJECT_VERSION = 1;
				DEVELOPMENT_ASSET_PATHS = "\"OTUS2/Preview Content\"";
				DEVELOPMENT_TEAM = 55V26YV628;
				ENABLE_PREVIEWS = YES;
				GENERATE_INFOPLIST_FILE = YES;
				INFOPLIST_KEY_UIApplicationSceneManifest_Generation = YES;
				INFOPLIST_KEY_UIApplicationSupportsIndirectInputEvents = YES;
				INFOPLIST_KEY_UILaunchScreen_Generation = YES;
				INFOPLIST_KEY_UISupportedInterfaceOrientations = UIInterfaceOrientationPortrait;
				INFOPLIST_KEY_UISupportedInterfaceOrientations_iPad = "UIInterfaceOrientationLandscapeLeft UIInterfaceOrientationLandscapeRight UIInterfaceOrientationPortrait";
				IPHONEOS_DEPLOYMENT_TARGET = 15.0;
				LD_RUNPATH_SEARCH_PATHS = (
					"$(inherited)",
					"@executable_path/Frameworks",
				);
				MARKETING_VERSION = 1.0;
				PRODUCT_BUNDLE_IDENTIFIER = com.MiramKo.OTUS;
				PRODUCT_NAME = "$(TARGET_NAME)";
				SUPPORTED_PLATFORMS = "iphoneos iphonesimulator";
				SUPPORTS_MACCATALYST = NO;
				SUPPORTS_MAC_DESIGNED_FOR_IPHONE_IPAD = NO;
				SWIFT_EMIT_LOC_STRINGS = YES;
				SWIFT_VERSION = 5.0;
				TARGETED_DEVICE_FAMILY = 1;
			};
			name = Debug;
		};
		17A6F3C42A082ED500B188E1 /* Release */ = {
			isa = XCBuildConfiguration;
			buildSettings = {
				ASSETCATALOG_COMPILER_APPICON_NAME = AppIcon;
				ASSETCATALOG_COMPILER_GLOBAL_ACCENT_COLOR_NAME = AccentColor;
				CODE_SIGN_STYLE = Automatic;
				CURRENT_PROJECT_VERSION = 1;
				DEVELOPMENT_ASSET_PATHS = "\"OTUS2/Preview Content\"";
				DEVELOPMENT_TEAM = 55V26YV628;
				ENABLE_PREVIEWS = YES;
				GENERATE_INFOPLIST_FILE = YES;
				INFOPLIST_KEY_UIApplicationSceneManifest_Generation = YES;
				INFOPLIST_KEY_UIApplicationSupportsIndirectInputEvents = YES;
				INFOPLIST_KEY_UILaunchScreen_Generation = YES;
				INFOPLIST_KEY_UISupportedInterfaceOrientations = UIInterfaceOrientationPortrait;
				INFOPLIST_KEY_UISupportedInterfaceOrientations_iPad = "UIInterfaceOrientationLandscapeLeft UIInterfaceOrientationLandscapeRight UIInterfaceOrientationPortrait";
				IPHONEOS_DEPLOYMENT_TARGET = 15.0;
				LD_RUNPATH_SEARCH_PATHS = (
					"$(inherited)",
					"@executable_path/Frameworks",
				);
				MARKETING_VERSION = 1.0;
				PRODUCT_BUNDLE_IDENTIFIER = com.MiramKo.OTUS;
				PRODUCT_NAME = "$(TARGET_NAME)";
				SUPPORTED_PLATFORMS = "iphoneos iphonesimulator";
				SUPPORTS_MACCATALYST = NO;
				SUPPORTS_MAC_DESIGNED_FOR_IPHONE_IPAD = NO;
				SWIFT_EMIT_LOC_STRINGS = YES;
				SWIFT_VERSION = 5.0;
				TARGETED_DEVICE_FAMILY = 1;
			};
			name = Release;
		};
		17A6F3C62A082ED500B188E1 /* Debug */ = {
			isa = XCBuildConfiguration;
			buildSettings = {
				ALWAYS_EMBED_SWIFT_STANDARD_LIBRARIES = YES;
				BUNDLE_LOADER = "$(TEST_HOST)";
				CODE_SIGN_STYLE = Automatic;
				CURRENT_PROJECT_VERSION = 1;
				DEVELOPMENT_TEAM = 55V26YV628;
				GENERATE_INFOPLIST_FILE = YES;
				IPHONEOS_DEPLOYMENT_TARGET = 16.1;
				MARKETING_VERSION = 1.0;
				PRODUCT_BUNDLE_IDENTIFIER = com.MiramKo.OTUS2Tests;
				PRODUCT_NAME = "$(TARGET_NAME)";
				SWIFT_EMIT_LOC_STRINGS = NO;
				SWIFT_VERSION = 5.0;
				TARGETED_DEVICE_FAMILY = "1,2";
				TEST_HOST = "$(BUILT_PRODUCTS_DIR)/OTUS.app/$(BUNDLE_EXECUTABLE_FOLDER_PATH)/OTUS";
			};
			name = Debug;
		};
		17A6F3C72A082ED500B188E1 /* Release */ = {
			isa = XCBuildConfiguration;
			buildSettings = {
				ALWAYS_EMBED_SWIFT_STANDARD_LIBRARIES = YES;
				BUNDLE_LOADER = "$(TEST_HOST)";
				CODE_SIGN_STYLE = Automatic;
				CURRENT_PROJECT_VERSION = 1;
				DEVELOPMENT_TEAM = 55V26YV628;
				GENERATE_INFOPLIST_FILE = YES;
				IPHONEOS_DEPLOYMENT_TARGET = 16.1;
				MARKETING_VERSION = 1.0;
				PRODUCT_BUNDLE_IDENTIFIER = com.MiramKo.OTUS2Tests;
				PRODUCT_NAME = "$(TARGET_NAME)";
				SWIFT_EMIT_LOC_STRINGS = NO;
				SWIFT_VERSION = 5.0;
				TARGETED_DEVICE_FAMILY = "1,2";
				TEST_HOST = "$(BUILT_PRODUCTS_DIR)/OTUS.app/$(BUNDLE_EXECUTABLE_FOLDER_PATH)/OTUS";
			};
			name = Release;
		};
		17A6F3C92A082ED500B188E1 /* Debug */ = {
			isa = XCBuildConfiguration;
			buildSettings = {
				ALWAYS_EMBED_SWIFT_STANDARD_LIBRARIES = YES;
				CODE_SIGN_STYLE = Automatic;
				CURRENT_PROJECT_VERSION = 1;
				DEVELOPMENT_TEAM = 55V26YV628;
				GENERATE_INFOPLIST_FILE = YES;
				MARKETING_VERSION = 1.0;
				PRODUCT_BUNDLE_IDENTIFIER = com.MiramKo.OTUS2UITests;
				PRODUCT_NAME = "$(TARGET_NAME)";
				SWIFT_EMIT_LOC_STRINGS = NO;
				SWIFT_VERSION = 5.0;
				TARGETED_DEVICE_FAMILY = "1,2";
				TEST_TARGET_NAME = OTUS2;
			};
			name = Debug;
		};
		17A6F3CA2A082ED500B188E1 /* Release */ = {
			isa = XCBuildConfiguration;
			buildSettings = {
				ALWAYS_EMBED_SWIFT_STANDARD_LIBRARIES = YES;
				CODE_SIGN_STYLE = Automatic;
				CURRENT_PROJECT_VERSION = 1;
				DEVELOPMENT_TEAM = 55V26YV628;
				GENERATE_INFOPLIST_FILE = YES;
				MARKETING_VERSION = 1.0;
				PRODUCT_BUNDLE_IDENTIFIER = com.MiramKo.OTUS2UITests;
				PRODUCT_NAME = "$(TARGET_NAME)";
				SWIFT_EMIT_LOC_STRINGS = NO;
				SWIFT_VERSION = 5.0;
				TARGETED_DEVICE_FAMILY = "1,2";
				TEST_TARGET_NAME = OTUS2;
			};
			name = Release;
		};
/* End XCBuildConfiguration section */

/* Begin XCConfigurationList section */
		17A6F3992A082ECF00B188E1 /* Build configuration list for PBXProject "OTUS" */ = {
			isa = XCConfigurationList;
			buildConfigurations = (
				17A6F3C02A082ED500B188E1 /* Debug */,
				17A6F3C12A082ED500B188E1 /* Release */,
			);
			defaultConfigurationIsVisible = 0;
			defaultConfigurationName = Release;
		};
		17A6F3C22A082ED500B188E1 /* Build configuration list for PBXNativeTarget "OTUS" */ = {
			isa = XCConfigurationList;
			buildConfigurations = (
				17A6F3C32A082ED500B188E1 /* Debug */,
				17A6F3C42A082ED500B188E1 /* Release */,
			);
			defaultConfigurationIsVisible = 0;
			defaultConfigurationName = Release;
		};
		17A6F3C52A082ED500B188E1 /* Build configuration list for PBXNativeTarget "OTUSTests" */ = {
			isa = XCConfigurationList;
			buildConfigurations = (
				17A6F3C62A082ED500B188E1 /* Debug */,
				17A6F3C72A082ED500B188E1 /* Release */,
			);
			defaultConfigurationIsVisible = 0;
			defaultConfigurationName = Release;
		};
		17A6F3C82A082ED500B188E1 /* Build configuration list for PBXNativeTarget "OTUSUITests" */ = {
			isa = XCConfigurationList;
			buildConfigurations = (
				17A6F3C92A082ED500B188E1 /* Debug */,
				17A6F3CA2A082ED500B188E1 /* Release */,
			);
			defaultConfigurationIsVisible = 0;
			defaultConfigurationName = Release;
		};
/* End XCConfigurationList section */

/* Begin XCSwiftPackageProductDependency section */
		17A6F3DA2A08408100B188E1 /* MKNavigationStack */ = {
			isa = XCSwiftPackageProductDependency;
			productName = MKNavigationStack;
		};
		17A6F3E02A08519800B188E1 /* NetworkLayer */ = {
			isa = XCSwiftPackageProductDependency;
			productName = NetworkLayer;
		};
/* End XCSwiftPackageProductDependency section */
	};
	rootObject = 17A6F3962A082ECF00B188E1 /* Project object */;
}
